// !$*UTF8*$!
{
	archiveVersion = 1;
	classes = {
	};
	objectVersion = 46;
	objects = {

/* Begin PBXBuildFile section */
		31095AC01CB94EA600F91D6D /* main.m in Sources */ = {isa = PBXBuildFile; fileRef = 31095ABF1CB94EA600F91D6D /* main.m */; };
		31095AC31CB94EA600F91D6D /* AppDelegate.m in Sources */ = {isa = PBXBuildFile; fileRef = 31095AC21CB94EA600F91D6D /* AppDelegate.m */; };
		31095AC61CB94EA600F91D6D /* ViewController.m in Sources */ = {isa = PBXBuildFile; fileRef = 31095AC51CB94EA600F91D6D /* ViewController.m */; };
		31095AC91CB94EA600F91D6D /* Main.storyboard in Resources */ = {isa = PBXBuildFile; fileRef = 31095AC71CB94EA600F91D6D /* Main.storyboard */; };
		31095ACB1CB94EA600F91D6D /* Assets.xcassets in Resources */ = {isa = PBXBuildFile; fileRef = 31095ACA1CB94EA600F91D6D /* Assets.xcassets */; };
		31095ACE1CB94EA600F91D6D /* LaunchScreen.storyboard in Resources */ = {isa = PBXBuildFile; fileRef = 31095ACC1CB94EA600F91D6D /* LaunchScreen.storyboard */; };
		31095AD91CB94EA600F91D6D /* PtxTabooDayTests.m in Sources */ = {isa = PBXBuildFile; fileRef = 31095AD81CB94EA600F91D6D /* PtxTabooDayTests.m */; };
		31095AE51CB94F9C00F91D6D /* PtxCalendarManager.m in Sources */ = {isa = PBXBuildFile; fileRef = 31095AE41CB94F9C00F91D6D /* PtxCalendarManager.m */; };
		31095AE91CB9568000F91D6D /* PTXDayComponent.m in Sources */ = {isa = PBXBuildFile; fileRef = 31095AE81CB9568000F91D6D /* PTXDayComponent.m */; };
		31095AED1CBA086C00F91D6D /* PTXLunarComponent.m in Sources */ = {isa = PBXBuildFile; fileRef = 31095AEC1CBA086C00F91D6D /* PTXLunarComponent.m */; };
		31095AF11CBA8BFB00F91D6D /* PTXThread.m in Sources */ = {isa = PBXBuildFile; fileRef = 31095AF01CBA8BFB00F91D6D /* PTXThread.m */; };
		31095AF91CBB1F7600F91D6D /* GLDateUtils.m in Sources */ = {isa = PBXBuildFile; fileRef = 31095AF81CBB1F7600F91D6D /* GLDateUtils.m */; };
		31095AFC1CC3E3EB00F91D6D /* PTXHoliday.m in Sources */ = {isa = PBXBuildFile; fileRef = 31095AFB1CC3E3EB00F91D6D /* PTXHoliday.m */; };
		31095AFF1CC3E56800F91D6D /* PTXTabooModel.m in Sources */ = {isa = PBXBuildFile; fileRef = 31095AFE1CC3E56800F91D6D /* PTXTabooModel.m */; };
		31095B021CC3E9A700F91D6D /* PTXDayExtractor.m in Sources */ = {isa = PBXBuildFile; fileRef = 31095B011CC3E9A700F91D6D /* PTXDayExtractor.m */; };
		31095B051CC536FD00F91D6D /* LunarCalendar.m in Sources */ = {isa = PBXBuildFile; fileRef = 31095B041CC536FD00F91D6D /* LunarCalendar.m */; settings = {COMPILER_FLAGS = "-fno-objc-arc"; }; };
		31095B091CC6808600F91D6D /* PTXDayBuilder.m in Sources */ = {isa = PBXBuildFile; fileRef = 31095B081CC6808600F91D6D /* PTXDayBuilder.m */; };
/* End PBXBuildFile section */

/* Begin PBXContainerItemProxy section */
		31095AD51CB94EA600F91D6D /* PBXContainerItemProxy */ = {
			isa = PBXContainerItemProxy;
			containerPortal = 31095AB31CB94EA600F91D6D /* Project object */;
			proxyType = 1;
			remoteGlobalIDString = 31095ABA1CB94EA600F91D6D;
			remoteInfo = PtxTabooDay;
		};
/* End PBXContainerItemProxy section */

/* Begin PBXFileReference section */
		31095ABB1CB94EA600F91D6D /* PtxTabooDay.app */ = {isa = PBXFileReference; explicitFileType = wrapper.application; includeInIndex = 0; path = PtxTabooDay.app; sourceTree = BUILT_PRODUCTS_DIR; };
		31095ABF1CB94EA600F91D6D /* main.m */ = {isa = PBXFileReference; lastKnownFileType = sourcecode.c.objc; path = main.m; sourceTree = "<group>"; };
		31095AC11CB94EA600F91D6D /* AppDelegate.h */ = {isa = PBXFileReference; lastKnownFileType = sourcecode.c.h; path = AppDelegate.h; sourceTree = "<group>"; };
		31095AC21CB94EA600F91D6D /* AppDelegate.m */ = {isa = PBXFileReference; lastKnownFileType = sourcecode.c.objc; path = AppDelegate.m; sourceTree = "<group>"; };
		31095AC41CB94EA600F91D6D /* ViewController.h */ = {isa = PBXFileReference; lastKnownFileType = sourcecode.c.h; path = ViewController.h; sourceTree = "<group>"; };
		31095AC51CB94EA600F91D6D /* ViewController.m */ = {isa = PBXFileReference; lastKnownFileType = sourcecode.c.objc; path = ViewController.m; sourceTree = "<group>"; };
		31095AC81CB94EA600F91D6D /* Base */ = {isa = PBXFileReference; lastKnownFileType = file.storyboard; name = Base; path = Base.lproj/Main.storyboard; sourceTree = "<group>"; };
		31095ACA1CB94EA600F91D6D /* Assets.xcassets */ = {isa = PBXFileReference; lastKnownFileType = folder.assetcatalog; path = Assets.xcassets; sourceTree = "<group>"; };
		31095ACD1CB94EA600F91D6D /* Base */ = {isa = PBXFileReference; lastKnownFileType = file.storyboard; name = Base; path = Base.lproj/LaunchScreen.storyboard; sourceTree = "<group>"; };
		31095ACF1CB94EA600F91D6D /* Info.plist */ = {isa = PBXFileReference; lastKnownFileType = text.plist.xml; path = Info.plist; sourceTree = "<group>"; };
		31095AD41CB94EA600F91D6D /* PtxTabooDayTests.xctest */ = {isa = PBXFileReference; explicitFileType = wrapper.cfbundle; includeInIndex = 0; path = PtxTabooDayTests.xctest; sourceTree = BUILT_PRODUCTS_DIR; };
		31095AD81CB94EA600F91D6D /* PtxTabooDayTests.m */ = {isa = PBXFileReference; lastKnownFileType = sourcecode.c.objc; path = PtxTabooDayTests.m; sourceTree = "<group>"; };
		31095ADA1CB94EA600F91D6D /* Info.plist */ = {isa = PBXFileReference; lastKnownFileType = text.plist.xml; path = Info.plist; sourceTree = "<group>"; };
		31095AE31CB94F9C00F91D6D /* PtxCalendarManager.h */ = {isa = PBXFileReference; fileEncoding = 4; lastKnownFileType = sourcecode.c.h; path = PtxCalendarManager.h; sourceTree = "<group>"; };
		31095AE41CB94F9C00F91D6D /* PtxCalendarManager.m */ = {isa = PBXFileReference; fileEncoding = 4; lastKnownFileType = sourcecode.c.objc; path = PtxCalendarManager.m; sourceTree = "<group>"; };
		31095AE71CB9568000F91D6D /* PTXDayComponent.h */ = {isa = PBXFileReference; fileEncoding = 4; lastKnownFileType = sourcecode.c.h; path = PTXDayComponent.h; sourceTree = "<group>"; };
		31095AE81CB9568000F91D6D /* PTXDayComponent.m */ = {isa = PBXFileReference; fileEncoding = 4; lastKnownFileType = sourcecode.c.objc; path = PTXDayComponent.m; sourceTree = "<group>"; };
		31095AEB1CBA086C00F91D6D /* PTXLunarComponent.h */ = {isa = PBXFileReference; fileEncoding = 4; lastKnownFileType = sourcecode.c.h; path = PTXLunarComponent.h; sourceTree = "<group>"; };
		31095AEC1CBA086C00F91D6D /* PTXLunarComponent.m */ = {isa = PBXFileReference; fileEncoding = 4; lastKnownFileType = sourcecode.c.objc; path = PTXLunarComponent.m; sourceTree = "<group>"; };
		31095AEF1CBA8BFB00F91D6D /* PTXThread.h */ = {isa = PBXFileReference; fileEncoding = 4; lastKnownFileType = sourcecode.c.h; path = PTXThread.h; sourceTree = "<group>"; };
		31095AF01CBA8BFB00F91D6D /* PTXThread.m */ = {isa = PBXFileReference; fileEncoding = 4; lastKnownFileType = sourcecode.c.objc; path = PTXThread.m; sourceTree = "<group>"; };
		31095AF71CBB1F7600F91D6D /* GLDateUtils.h */ = {isa = PBXFileReference; fileEncoding = 4; lastKnownFileType = sourcecode.c.h; path = GLDateUtils.h; sourceTree = "<group>"; };
		31095AF81CBB1F7600F91D6D /* GLDateUtils.m */ = {isa = PBXFileReference; fileEncoding = 4; lastKnownFileType = sourcecode.c.objc; path = GLDateUtils.m; sourceTree = "<group>"; };
		31095AFA1CC3E3EB00F91D6D /* PTXHoliday.h */ = {isa = PBXFileReference; fileEncoding = 4; lastKnownFileType = sourcecode.c.h; path = PTXHoliday.h; sourceTree = "<group>"; };
		31095AFB1CC3E3EB00F91D6D /* PTXHoliday.m */ = {isa = PBXFileReference; fileEncoding = 4; lastKnownFileType = sourcecode.c.objc; path = PTXHoliday.m; sourceTree = "<group>"; };
		31095AFD1CC3E56800F91D6D /* PTXTabooModel.h */ = {isa = PBXFileReference; fileEncoding = 4; lastKnownFileType = sourcecode.c.h; path = PTXTabooModel.h; sourceTree = "<group>"; };
		31095AFE1CC3E56800F91D6D /* PTXTabooModel.m */ = {isa = PBXFileReference; fileEncoding = 4; lastKnownFileType = sourcecode.c.objc; path = PTXTabooModel.m; sourceTree = "<group>"; };
		31095B001CC3E9A700F91D6D /* PTXDayExtractor.h */ = {isa = PBXFileReference; fileEncoding = 4; lastKnownFileType = sourcecode.c.h; path = PTXDayExtractor.h; sourceTree = "<group>"; };
		31095B011CC3E9A700F91D6D /* PTXDayExtractor.m */ = {isa = PBXFileReference; fileEncoding = 4; lastKnownFileType = sourcecode.c.objc; path = PTXDayExtractor.m; sourceTree = "<group>"; };
		31095B031CC536FD00F91D6D /* LunarCalendar.h */ = {isa = PBXFileReference; fileEncoding = 4; lastKnownFileType = sourcecode.c.h; path = LunarCalendar.h; sourceTree = "<group>"; };
		31095B041CC536FD00F91D6D /* LunarCalendar.m */ = {isa = PBXFileReference; fileEncoding = 4; lastKnownFileType = sourcecode.c.objc; path = LunarCalendar.m; sourceTree = "<group>"; };
		31095B071CC6808600F91D6D /* PTXDayBuilder.h */ = {isa = PBXFileReference; fileEncoding = 4; lastKnownFileType = sourcecode.c.h; path = PTXDayBuilder.h; sourceTree = "<group>"; };
		31095B081CC6808600F91D6D /* PTXDayBuilder.m */ = {isa = PBXFileReference; fileEncoding = 4; lastKnownFileType = sourcecode.c.objc; path = PTXDayBuilder.m; sourceTree = "<group>"; };
/* End PBXFileReference section */

/* Begin PBXFrameworksBuildPhase section */
		31095AB81CB94EA600F91D6D /* Frameworks */ = {
			isa = PBXFrameworksBuildPhase;
			buildActionMask = 2147483647;
			files = (
			);
			runOnlyForDeploymentPostprocessing = 0;
		};
		31095AD11CB94EA600F91D6D /* Frameworks */ = {
			isa = PBXFrameworksBuildPhase;
			buildActionMask = 2147483647;
			files = (
			);
			runOnlyForDeploymentPostprocessing = 0;
		};
/* End PBXFrameworksBuildPhase section */

/* Begin PBXGroup section */
		31095AB21CB94EA600F91D6D = {
			isa = PBXGroup;
			children = (
				31095ABD1CB94EA600F91D6D /* PtxTabooDay */,
				31095AD71CB94EA600F91D6D /* PtxTabooDayTests */,
				31095ABC1CB94EA600F91D6D /* Products */,
			);
			sourceTree = "<group>";
		};
		31095ABC1CB94EA600F91D6D /* Products */ = {
			isa = PBXGroup;
			children = (
				31095ABB1CB94EA600F91D6D /* PtxTabooDay.app */,
				31095AD41CB94EA600F91D6D /* PtxTabooDayTests.xctest */,
			);
			name = Products;
			sourceTree = "<group>";
		};
		31095ABD1CB94EA600F91D6D /* PtxTabooDay */ = {
			isa = PBXGroup;
			children = (
				31095AC11CB94EA600F91D6D /* AppDelegate.h */,
				31095AC21CB94EA600F91D6D /* AppDelegate.m */,
				31095AC41CB94EA600F91D6D /* ViewController.h */,
				31095AC51CB94EA600F91D6D /* ViewController.m */,
				31095AC71CB94EA600F91D6D /* Main.storyboard */,
				31095ACA1CB94EA600F91D6D /* Assets.xcassets */,
				31095ACC1CB94EA600F91D6D /* LaunchScreen.storyboard */,
				31095ACF1CB94EA600F91D6D /* Info.plist */,
				31095ABE1CB94EA600F91D6D /* Supporting Files */,
				31095AE61CB94FB400F91D6D /* CalendarManager */,
			);
			path = PtxTabooDay;
			sourceTree = "<group>";
		};
		31095ABE1CB94EA600F91D6D /* Supporting Files */ = {
			isa = PBXGroup;
			children = (
				31095ABF1CB94EA600F91D6D /* main.m */,
			);
			name = "Supporting Files";
			sourceTree = "<group>";
		};
		31095AD71CB94EA600F91D6D /* PtxTabooDayTests */ = {
			isa = PBXGroup;
			children = (
				31095AD81CB94EA600F91D6D /* PtxTabooDayTests.m */,
				31095ADA1CB94EA600F91D6D /* Info.plist */,
			);
			path = PtxTabooDayTests;
			sourceTree = "<group>";
		};
		31095AE61CB94FB400F91D6D /* CalendarManager */ = {
			isa = PBXGroup;
			children = (
				31095AE31CB94F9C00F91D6D /* PtxCalendarManager.h */,
				31095AE41CB94F9C00F91D6D /* PtxCalendarManager.m */,
				31095B061CC53F8700F91D6D /* ThirdLib */,
				31095AF21CBA8C0800F91D6D /* Private */,
				31095AEE1CBA0B7200F91D6D /* Model */,
			);
			name = CalendarManager;
			sourceTree = "<group>";
		};
		31095AEE1CBA0B7200F91D6D /* Model */ = {
			isa = PBXGroup;
			children = (
				31095AE71CB9568000F91D6D /* PTXDayComponent.h */,
				31095AE81CB9568000F91D6D /* PTXDayComponent.m */,
				31095AFA1CC3E3EB00F91D6D /* PTXHoliday.h */,
				31095AFB1CC3E3EB00F91D6D /* PTXHoliday.m */,
				31095AEB1CBA086C00F91D6D /* PTXLunarComponent.h */,
				31095AEC1CBA086C00F91D6D /* PTXLunarComponent.m */,
				31095AFD1CC3E56800F91D6D /* PTXTabooModel.h */,
				31095AFE1CC3E56800F91D6D /* PTXTabooModel.m */,
				31095B001CC3E9A700F91D6D /* PTXDayExtractor.h */,
				31095B011CC3E9A700F91D6D /* PTXDayExtractor.m */,
				31095B071CC6808600F91D6D /* PTXDayBuilder.h */,
				31095B081CC6808600F91D6D /* PTXDayBuilder.m */,
			);
			name = Model;
			sourceTree = "<group>";
		};
		31095AF21CBA8C0800F91D6D /* Private */ = {
			isa = PBXGroup;
			children = (
				31095AF31CBA8EDD00F91D6D /* Thread */,
			);
			name = Private;
			sourceTree = "<group>";
		};
		31095AF31CBA8EDD00F91D6D /* Thread */ = {
			isa = PBXGroup;
			children = (
				31095AEF1CBA8BFB00F91D6D /* PTXThread.h */,
				31095AF01CBA8BFB00F91D6D /* PTXThread.m */,
			);
			name = Thread;
			sourceTree = "<group>";
		};
		31095B061CC53F8700F91D6D /* ThirdLib */ = {
			isa = PBXGroup;
			children = (
				31095AF71CBB1F7600F91D6D /* GLDateUtils.h */,
				31095AF81CBB1F7600F91D6D /* GLDateUtils.m */,
				31095B031CC536FD00F91D6D /* LunarCalendar.h */,
				31095B041CC536FD00F91D6D /* LunarCalendar.m */,
			);
			name = ThirdLib;
			sourceTree = "<group>";
		};
/* End PBXGroup section */

/* Begin PBXNativeTarget section */
		31095ABA1CB94EA600F91D6D /* PtxTabooDay */ = {
			isa = PBXNativeTarget;
			buildConfigurationList = 31095ADD1CB94EA600F91D6D /* Build configuration list for PBXNativeTarget "PtxTabooDay" */;
			buildPhases = (
				31095AB71CB94EA600F91D6D /* Sources */,
				31095AB81CB94EA600F91D6D /* Frameworks */,
				31095AB91CB94EA600F91D6D /* Resources */,
			);
			buildRules = (
			);
			dependencies = (
			);
			name = PtxTabooDay;
			productName = PtxTabooDay;
			productReference = 31095ABB1CB94EA600F91D6D /* PtxTabooDay.app */;
			productType = "com.apple.product-type.application";
		};
		31095AD31CB94EA600F91D6D /* PtxTabooDayTests */ = {
			isa = PBXNativeTarget;
			buildConfigurationList = 31095AE01CB94EA600F91D6D /* Build configuration list for PBXNativeTarget "PtxTabooDayTests" */;
			buildPhases = (
				31095AD01CB94EA600F91D6D /* Sources */,
				31095AD11CB94EA600F91D6D /* Frameworks */,
				31095AD21CB94EA600F91D6D /* Resources */,
			);
			buildRules = (
			);
			dependencies = (
				31095AD61CB94EA600F91D6D /* PBXTargetDependency */,
			);
			name = PtxTabooDayTests;
			productName = PtxTabooDayTests;
			productReference = 31095AD41CB94EA600F91D6D /* PtxTabooDayTests.xctest */;
			productType = "com.apple.product-type.bundle.unit-test";
		};
/* End PBXNativeTarget section */

/* Begin PBXProject section */
		31095AB31CB94EA600F91D6D /* Project object */ = {
			isa = PBXProject;
			attributes = {
				LastUpgradeCheck = 0720;
				ORGANIZATIONNAME = ptx;
				TargetAttributes = {
					31095ABA1CB94EA600F91D6D = {
						CreatedOnToolsVersion = 7.2;
					};
					31095AD31CB94EA600F91D6D = {
						CreatedOnToolsVersion = 7.2;
						TestTargetID = 31095ABA1CB94EA600F91D6D;
					};
				};
			};
			buildConfigurationList = 31095AB61CB94EA600F91D6D /* Build configuration list for PBXProject "PtxTabooDay" */;
			compatibilityVersion = "Xcode 3.2";
			developmentRegion = English;
			hasScannedForEncodings = 0;
			knownRegions = (
				en,
				Base,
			);
			mainGroup = 31095AB21CB94EA600F91D6D;
			productRefGroup = 31095ABC1CB94EA600F91D6D /* Products */;
			projectDirPath = "";
			projectRoot = "";
			targets = (
				31095ABA1CB94EA600F91D6D /* PtxTabooDay */,
				31095AD31CB94EA600F91D6D /* PtxTabooDayTests */,
			);
		};
/* End PBXProject section */

/* Begin PBXResourcesBuildPhase section */
		31095AB91CB94EA600F91D6D /* Resources */ = {
			isa = PBXResourcesBuildPhase;
			buildActionMask = 2147483647;
			files = (
				31095ACE1CB94EA600F91D6D /* LaunchScreen.storyboard in Resources */,
				31095ACB1CB94EA600F91D6D /* Assets.xcassets in Resources */,
				31095AC91CB94EA600F91D6D /* Main.storyboard in Resources */,
			);
			runOnlyForDeploymentPostprocessing = 0;
		};
		31095AD21CB94EA600F91D6D /* Resources */ = {
			isa = PBXResourcesBuildPhase;
			buildActionMask = 2147483647;
			files = (
			);
			runOnlyForDeploymentPostprocessing = 0;
		};
/* End PBXResourcesBuildPhase section */

/* Begin PBXSourcesBuildPhase section */
		31095AB71CB94EA600F91D6D /* Sources */ = {
			isa = PBXSourcesBuildPhase;
			buildActionMask = 2147483647;
			files = (
				31095AE91CB9568000F91D6D /* PTXDayComponent.m in Sources */,
				31095AE51CB94F9C00F91D6D /* PtxCalendarManager.m in Sources */,
				31095AC61CB94EA600F91D6D /* ViewController.m in Sources */,
				31095AC31CB94EA600F91D6D /* AppDelegate.m in Sources */,
				31095AC01CB94EA600F91D6D /* main.m in Sources */,
				31095AF91CBB1F7600F91D6D /* GLDateUtils.m in Sources */,
				31095B091CC6808600F91D6D /* PTXDayBuilder.m in Sources */,
				31095B051CC536FD00F91D6D /* LunarCalendar.m in Sources */,
				31095B021CC3E9A700F91D6D /* PTXDayExtractor.m in Sources */,
				31095AF11CBA8BFB00F91D6D /* PTXThread.m in Sources */,
				31095AFC1CC3E3EB00F91D6D /* PTXHoliday.m in Sources */,
				31095AFF1CC3E56800F91D6D /* PTXTabooModel.m in Sources */,
				31095AED1CBA086C00F91D6D /* PTXLunarComponent.m in Sources */,
			);
			runOnlyForDeploymentPostprocessing = 0;
		};
		31095AD01CB94EA600F91D6D /* Sources */ = {
			isa = PBXSourcesBuildPhase;
			buildActionMask = 2147483647;
			files = (
				31095AD91CB94EA600F91D6D /* PtxTabooDayTests.m in Sources */,
			);
			runOnlyForDeploymentPostprocessing = 0;
		};
/* End PBXSourcesBuildPhase section */

/* Begin PBXTargetDependency section */
		31095AD61CB94EA600F91D6D /* PBXTargetDependency */ = {
			isa = PBXTargetDependency;
			target = 31095ABA1CB94EA600F91D6D /* PtxTabooDay */;
			targetProxy = 31095AD51CB94EA600F91D6D /* PBXContainerItemProxy */;
		};
/* End PBXTargetDependency section */

/* Begin PBXVariantGroup section */
		31095AC71CB94EA600F91D6D /* Main.storyboard */ = {
			isa = PBXVariantGroup;
			children = (
				31095AC81CB94EA600F91D6D /* Base */,
			);
			name = Main.storyboard;
			sourceTree = "<group>";
		};
		31095ACC1CB94EA600F91D6D /* LaunchScreen.storyboard */ = {
			isa = PBXVariantGroup;
			children = (
				31095ACD1CB94EA600F91D6D /* Base */,
			);
			name = LaunchScreen.storyboard;
			sourceTree = "<group>";
		};
/* End PBXVariantGroup section */

/* Begin XCBuildConfiguration section */
		31095ADB1CB94EA600F91D6D /* Debug */ = {
			isa = XCBuildConfiguration;
			buildSettings = {
				ALWAYS_SEARCH_USER_PATHS = NO;
				CLANG_CXX_LANGUAGE_STANDARD = "gnu++0x";
				CLANG_CXX_LIBRARY = "libc++";
				CLANG_ENABLE_MODULES = YES;
				CLANG_ENABLE_OBJC_ARC = YES;
				CLANG_WARN_BOOL_CONVERSION = YES;
				CLANG_WARN_CONSTANT_CONVERSION = YES;
				CLANG_WARN_DIRECT_OBJC_ISA_USAGE = YES_ERROR;
				CLANG_WARN_EMPTY_BODY = YES;
				CLANG_WARN_ENUM_CONVERSION = YES;
				CLANG_WARN_INT_CONVERSION = YES;
				CLANG_WARN_OBJC_ROOT_CLASS = YES_ERROR;
				CLANG_WARN_UNREACHABLE_CODE = YES;
				CLANG_WARN__DUPLICATE_METHOD_MATCH = YES;
				"CODE_SIGN_IDENTITY[sdk=iphoneos*]" = "iPhone Developer";
				COPY_PHASE_STRIP = NO;
				DEBUG_INFORMATION_FORMAT = dwarf;
				ENABLE_STRICT_OBJC_MSGSEND = YES;
				ENABLE_TESTABILITY = YES;
				GCC_C_LANGUAGE_STANDARD = gnu99;
				GCC_DYNAMIC_NO_PIC = NO;
				GCC_NO_COMMON_BLOCKS = YES;
				GCC_OPTIMIZATION_LEVEL = 0;
				GCC_PREPROCESSOR_DEFINITIONS = (
					"DEBUG=1",
					"$(inherited)",
				);
				GCC_WARN_64_TO_32_BIT_CONVERSION = YES;
				GCC_WARN_ABOUT_RETURN_TYPE = YES_ERROR;
				GCC_WARN_UNDECLARED_SELECTOR = YES;
				GCC_WARN_UNINITIALIZED_AUTOS = YES_AGGRESSIVE;
				GCC_WARN_UNUSED_FUNCTION = YES;
				GCC_WARN_UNUSED_VARIABLE = YES;
				IPHONEOS_DEPLOYMENT_TARGET = 9.2;
				MTL_ENABLE_DEBUG_INFO = YES;
				ONLY_ACTIVE_ARCH = YES;
				SDKROOT = iphoneos;
			};
			name = Debug;
		};
		31095ADC1CB94EA600F91D6D /* Release */ = {
			isa = XCBuildConfiguration;
			buildSettings = {
				ALWAYS_SEARCH_USER_PATHS = NO;
				CLANG_CXX_LANGUAGE_STANDARD = "gnu++0x";
				CLANG_CXX_LIBRARY = "libc++";
				CLANG_ENABLE_MODULES = YES;
				CLANG_ENABLE_OBJC_ARC = YES;
				CLANG_WARN_BOOL_CONVERSION = YES;
				CLANG_WARN_CONSTANT_CONVERSION = YES;
				CLANG_WARN_DIRECT_OBJC_ISA_USAGE = YES_ERROR;
				CLANG_WARN_EMPTY_BODY = YES;
				CLANG_WARN_ENUM_CONVERSION = YES;
				CLANG_WARN_INT_CONVERSION = YES;
				CLANG_WARN_OBJC_ROOT_CLASS = YES_ERROR;
				CLANG_WARN_UNREACHABLE_CODE = YES;
				CLANG_WARN__DUPLICATE_METHOD_MATCH = YES;
				"CODE_SIGN_IDENTITY[sdk=iphoneos*]" = "iPhone Developer";
				COPY_PHASE_STRIP = NO;
				DEBUG_INFORMATION_FORMAT = "dwarf-with-dsym";
				ENABLE_NS_ASSERTIONS = NO;
				ENABLE_STRICT_OBJC_MSGSEND = YES;
				GCC_C_LANGUAGE_STANDARD = gnu99;
				GCC_NO_COMMON_BLOCKS = YES;
				GCC_WARN_64_TO_32_BIT_CONVERSION = YES;
				GCC_WARN_ABOUT_RETURN_TYPE = YES_ERROR;
				GCC_WARN_UNDECLARED_SELECTOR = YES;
				GCC_WARN_UNINITIALIZED_AUTOS = YES_AGGRESSIVE;
				GCC_WARN_UNUSED_FUNCTION = YES;
				GCC_WARN_UNUSED_VARIABLE = YES;
				IPHONEOS_DEPLOYMENT_TARGET = 9.2;
				MTL_ENABLE_DEBUG_INFO = NO;
				SDKROOT = iphoneos;
				VALIDATE_PRODUCT = YES;
			};
			name = Release;
		};
		31095ADE1CB94EA600F91D6D /* Debug */ = {
			isa = XCBuildConfiguration;
			buildSettings = {
				ASSETCATALOG_COMPILER_APPICON_NAME = AppIcon;
				INFOPLIST_FILE = PtxTabooDay/Info.plist;
				LD_RUNPATH_SEARCH_PATHS = "$(inherited) @executable_path/Frameworks";
				PRODUCT_BUNDLE_IDENTIFIER = com.ptx.PtxTabooDay;
				PRODUCT_NAME = "$(TARGET_NAME)";
			};
			name = Debug;
		};
		31095ADF1CB94EA600F91D6D /* Release */ = {
			isa = XCBuildConfiguration;
			buildSettings = {
				ASSETCATALOG_COMPILER_APPICON_NAME = AppIcon;
				INFOPLIST_FILE = PtxTabooDay/Info.plist;
				LD_RUNPATH_SEARCH_PATHS = "$(inherited) @executable_path/Frameworks";
				PRODUCT_BUNDLE_IDENTIFIER = com.ptx.PtxTabooDay;
				PRODUCT_NAME = "$(TARGET_NAME)";
			};
			name = Release;
		};
		31095AE11CB94EA600F91D6D /* Debug */ = {
			isa = XCBuildConfiguration;
			buildSettings = {
				BUNDLE_LOADER = "$(TEST_HOST)";
				INFOPLIST_FILE = PtxTabooDayTests/Info.plist;
				LD_RUNPATH_SEARCH_PATHS = "$(inherited) @executable_path/Frameworks @loader_path/Frameworks";
				PRODUCT_BUNDLE_IDENTIFIER = com.ptx.PtxTabooDayTests;
				PRODUCT_NAME = "$(TARGET_NAME)";
				TEST_HOST = "$(BUILT_PRODUCTS_DIR)/PtxTabooDay.app/PtxTabooDay";
			};
			name = Debug;
		};
		31095AE21CB94EA600F91D6D /* Release */ = {
			isa = XCBuildConfiguration;
			buildSettings = {
				BUNDLE_LOADER = "$(TEST_HOST)";
				INFOPLIST_FILE = PtxTabooDayTests/Info.plist;
				LD_RUNPATH_SEARCH_PATHS = "$(inherited) @executable_path/Frameworks @loader_path/Frameworks";
				PRODUCT_BUNDLE_IDENTIFIER = com.ptx.PtxTabooDayTests;
				PRODUCT_NAME = "$(TARGET_NAME)";
				TEST_HOST = "$(BUILT_PRODUCTS_DIR)/PtxTabooDay.app/PtxTabooDay";
			};
			name = Release;
		};
/* End XCBuildConfiguration section */

/* Begin XCConfigurationList section */
		31095AB61CB94EA600F91D6D /* Build configuration list for PBXProject "PtxTabooDay" */ = {
			isa = XCConfigurationList;
			buildConfigurations = (
				31095ADB1CB94EA600F91D6D /* Debug */,
				31095ADC1CB94EA600F91D6D /* Release */,
			);
			defaultConfigurationIsVisible = 0;
			defaultConfigurationName = Release;
		};
		31095ADD1CB94EA600F91D6D /* Build configuration list for PBXNativeTarget "PtxTabooDay" */ = {
			isa = XCConfigurationList;
			buildConfigurations = (
				31095ADE1CB94EA600F91D6D /* Debug */,
				31095ADF1CB94EA600F91D6D /* Release */,
			);
			defaultConfigurationIsVisible = 0;
		};
		31095AE01CB94EA600F91D6D /* Build configuration list for PBXNativeTarget "PtxTabooDayTests" */ = {
			isa = XCConfigurationList;
			buildConfigurations = (
				31095AE11CB94EA600F91D6D /* Debug */,
				31095AE21CB94EA600F91D6D /* Release */,
			);
			defaultConfigurationIsVisible = 0;
		};
/* End XCConfigurationList section */
	};
	rootObject = 31095AB31CB94EA600F91D6D /* Project object */;
}
